<?xml version="1.0" encoding="utf-8"?>
<Project ToolsVersion="4.0" xmlns="http://schemas.microsoft.com/developer/msbuild/2003">
  <ItemGroup>
    <Filter Include="src">
      <UniqueIdentifier>{9d2a43b9-2aeb-495f-a7b3-7f6cb87af0b4}</UniqueIdentifier>
    </Filter>
    <Filter Include="src\Events">
      <UniqueIdentifier>{1330c7b1-c83e-4e88-a5a2-03f682d27ebf}</UniqueIdentifier>
    </Filter>
    <Filter Include="src\Platforms">
      <UniqueIdentifier>{5e10c4b0-39e3-490c-94c3-e6db7b639a71}</UniqueIdentifier>
    </Filter>
    <Filter Include="src\Platforms\Windows">
      <UniqueIdentifier>{eef93e5d-cb84-41a4-9d1f-87c124275401}</UniqueIdentifier>
    </Filter>
    <Filter Include="src\Maths">
      <UniqueIdentifier>{4842f93a-eaf1-4304-bc44-7ce2d7bd5a73}</UniqueIdentifier>
    </Filter>
  </ItemGroup>
  <ItemGroup>
    <ClInclude Include="include\dspch.h" />
    <ClInclude Include="include\dsemi\ecs\component.h" />
    <ClInclude Include="include\dsemi\ecs\componentarray.h" />
    <ClInclude Include="include\dsemi\ecs\componentflag.h" />
    <ClInclude Include="include\dsemi\ecs\ecs.h" />
    <ClInclude Include="include\dsemi\ecs\ecsdefines.h" />
    <ClInclude Include="include\dsemi\ecs\entityarray.h" />
    <ClInclude Include="include\dsemi\ecs\world.h" />
    <ClInclude Include="include\dsemi\events\applicationevent.h">
      <Filter>src\Events</Filter>
    </ClInclude>
    <ClInclude Include="include\dsemi\events\event.h">
      <Filter>src\Events</Filter>
    </ClInclude>
    <ClInclude Include="include\dsemi\events\keyboardevent.h">
      <Filter>src\Events</Filter>
    </ClInclude>
    <ClInclude Include="include\dsemi\events\mouseevent.h">
      <Filter>src\Events</Filter>
    </ClInclude>
    <ClInclude Include="include\dsemi\fonts\opentype.h" />
    <ClInclude Include="include\dsemi\fonts\opentype_tables.h" />
    <ClInclude Include="include\dsemi\graphics\directx\dxinclude.h" />
    <ClInclude Include="include\dsemi\graphics\resources\fragment_shader.h" />
    <ClInclude Include="include\dsemi\graphics\resources\index_buffer.h" />
    <ClInclude Include="include\dsemi\graphics\resources\resource_include.h" />
    <ClInclude Include="include\dsemi\graphics\resources\vertex_buffer.h" />
    <ClInclude Include="include\dsemi\graphics\resources\vertex_shader.h" />
    <ClInclude Include="include\dsemi\graphics\api_include.h" />
    <ClInclude Include="include\dsemi\graphics\device.h" />
    <ClInclude Include="include\dsemi\graphics\graphics.h" />
    <ClInclude Include="include\dsemi\graphics\render_target.h" />
    <ClInclude Include="include\dsemi\graphics\vertex.h" />
    <ClInclude Include="include\dsemi\memory\bitset.h" />
    <ClInclude Include="include\dsemi\platform\windows\dsemi_win32.h" />
    <ClInclude Include="include\dsemi\util\assert.h" />
    <ClInclude Include="include\dsemi\util\binaryreader.h" />
    <ClInclude Include="include\dsemi\util\logger.hpp" />
    <ClInclude Include="include\dsemi\util\string.h" />
    <ClInclude Include="include\dsemi\util\timer.h" />
    <ClInclude Include="include\dsemi\math\Vector\Vector2d.h" />
    <ClInclude Include="include\dsemi\math\Vector\Vector2f.h" />
    <ClInclude Include="include\dsemi\math\Vector\Vector2i.h" />
    <ClInclude Include="include\dsemi\math\matrix4x4.h" />
    <ClInclude Include="include\dsemi\math\point.h" />
    <ClInclude Include="include\dsemi\math\quaternion.h" />
    <ClInclude Include="include\dsemi\math\random.h" />
    <ClInclude Include="include\dsemi\math\rect.h" />
    <ClInclude Include="include\dsemi\math\vector2.h" />
    <ClInclude Include="include\dsemi\math\vector3f.h">
      <Filter>src\Maths</Filter>
    </ClInclude>
    <ClInclude Include="include\dsemi\core\exceptions\dsemiexception.h" />
    <ClInclude Include="include\dsemi\core\exceptions\hresultexception.h" />
    <ClInclude Include="include\dsemi\core\dsemiwindows.h">
      <Filter>src\Platforms\Windows</Filter>
    </ClInclude>
    <ClInclude Include="include\dsemi\core\Input.h" />
    <ClInclude Include="include\dsemi\ui\element.h" />
    <ClInclude Include="include\dsemi\ui\frame.h" />
    <ClInclude Include="include\dsemi\graphics\color.h" />
    <ClInclude Include="include\dsemi\core\window.h">
      <Filter>src\Platforms\Windows</Filter>
    </ClInclude>
    <ClInclude Include="include\dsemi\core\layer.h">
      <Filter>src</Filter>
    </ClInclude>
    <ClInclude Include="include\dsemi\core\application.h">
      <Filter>src</Filter>
    </ClInclude>
    <ClInclude Include="include\dsemi.h" />
    <ClInclude Include="include\dsemi\core\layerstack.h" />
    <ClInclude Include="include\dsemi\scene\scene.h" />
    <ClInclude Include="include\dsemi\ecs\entitynode.h" />
    <ClInclude Include="include\dsemi\graphics\viewport.h" />
    <ClInclude Include="include\dsemi\graphics\directx\directx11.h" />
    <ClInclude Include="include\dsemi\graphics\resources\resource.h" />
    <ClInclude Include="include\dsemi\graphics\render_context.h" />
    <ClInclude Include="include\dsemi\graphics\renderer.h" />
    <ClInclude Include="include\dsemi\graphics\resources\input_layout.h" />
  </ItemGroup>
  <ItemGroup>
    <ClCompile Include="src\dspch.cpp" />
    <ClCompile Include="src\dsemi\core\Exceptions\dsemiexception.cpp" />
    <ClCompile Include="src\dsemi\core\Exceptions\hresultexception.cpp" />
    <ClCompile Include="src\dsemi\core\Input.cpp" />
    <ClCompile Include="src\dsemi\ecs\component.cpp" />
    <ClCompile Include="src\dsemi\ecs\componentarray.cpp" />
    <ClCompile Include="src\dsemi\ecs\componentflag.cpp" />
    <ClCompile Include="src\dsemi\ecs\entityarray.cpp" />
    <ClCompile Include="src\dsemi\ecs\world.cpp" />
    <ClCompile Include="src\dsemi\fonts\opentype.cpp" />
    <ClCompile Include="src\dsemi\graphics\resources\fragment_shader.cpp" />
    <ClCompile Include="src\dsemi\graphics\resources\vertex_buffer.cpp" />
    <ClCompile Include="src\dsemi\graphics\resources\vertex_shader.cpp" />
    <ClCompile Include="src\dsemi\graphics\device.cpp" />
    <ClCompile Include="src\dsemi\graphics\graphics.cpp" />
    <ClCompile Include="src\dsemi\graphics\render_target.cpp" />
    <ClCompile Include="src\dsemi\math\vector\Vector2d.cpp" />
    <ClCompile Include="src\dsemi\math\vector\Vector2f.cpp" />
    <ClCompile Include="src\dsemi\math\vector\Vector2i.cpp" />
    <ClCompile Include="src\dsemi\math\quaternion.cpp" />
    <ClCompile Include="src\dsemi\math\random.cpp" />
    <ClCompile Include="src\dsemi\math\vector2.cpp" />
    <ClCompile Include="src\dsemi\math\vector3.cpp" />
    <ClCompile Include="src\dsemi\Memory\bitset.cpp" />
    <ClCompile Include="src\dsemi\util\binaryreader.cpp" />
    <ClCompile Include="src\dsemi\util\logger.cpp" />
    <ClCompile Include="src\dsemi\util\string.cpp" />
    <ClCompile Include="src\dsemi\util\timer.cpp" />
    <ClCompile Include="src\dsemi\math\rect.cpp" />
    <ClCompile Include="src\dsemi\graphics\pipeline.cpp" />
    <ClCompile Include="src\dsemi\ui\element.cpp" />
    <ClCompile Include="src\dsemi\ui\frame.cpp" />
    <ClCompile Include="src\dsemi\core\window.cpp">
      <Filter>src\Platforms\Windows</Filter>
    </ClCompile>
    <ClCompile Include="src\dsemi\core\layer.cpp">
      <Filter>src</Filter>
    </ClCompile>
    <ClCompile Include="src\dsemi\core\application.cpp">
      <Filter>src</Filter>
    </ClCompile>
    <ClCompile Include="src\dsemi\core\layerstack.cpp">
      <Filter>src</Filter>
    </ClCompile>
    <ClCompile Include="src\dsemi\scene\scene.cpp" />
    <ClCompile Include="src\dsemi\graphics\viewport.cpp" />
    <ClCompile Include="src\dsemi\graphics\render_context.cpp" />
    <ClCompile Include="src\dsemi\core\renderer.cpp" />
  </ItemGroup>
  <ItemGroup>
    <FxCompile Include="src\dsemi\graphics\shaders\directx\default_ps.hlsl" />
    <FxCompile Include="src\dsemi\graphics\shaders\directx\default_vs.hlsl" />
    <FxCompile Include="src\dsemi\graphics\shaders\directx\rect2d_ps.hlsl" />
    <FxCompile Include="src\dsemi\graphics\shaders\directx\rect2d_vs.hlsl" />
    <FxCompile Include="src\dsemi\graphics\shaders\directx\default2d_vs.hlsl" />
    <FxCompile Include="src\dsemi\graphics\shaders\directx\default2d_ps.hlsl" />
  </ItemGroup>
</Project>